
Microsoft Visual Studio Solution File, Format Version 15.00
# Visual Studio 2017
Project("{FAE04EC0-301F-11D3-BF4B-00C04F79EFBC}") = "dotnet-msa", "dotnet-msa.csproj", "{220B1BAF-6AB3-4969-8471-6D1D034A3AFA}"
EndProject
Global
	GlobalSection(SolutionConfigurationPlatforms) = preSolution
		Debug|Any CPU = Debug|Any CPU
		Release|Any CPU = Release|Any CPU
	EndGlobalSection
	GlobalSection(ProjectConfigurationPlatforms) = postSolution
		{220B1BAF-6AB3-4969-8471-6D1D034A3AFA}.Debug|Any CPU.ActiveCfg = Debug|Any CPU
		{220B1BAF-6AB3-4969-8471-6D1D034A3AFA}.Debug|Any CPU.Build.0 = Debug|Any CPU
		{220B1BAF-6AB3-4969-8471-6D1D034A3AFA}.Release|Any CPU.ActiveCfg = Release|Any CPU
		{220B1BAF-6AB3-4969-8471-6D1D034A3AFA}.Release|Any CPU.Build.0 = Release|Any CPU
	EndGlobalSection
EndGlobal
